
Microsoft Visual Studio Solution File, Format Version 12.00
# Visual Studio Version 17
VisualStudioVersion = 17.12.35506.116 d17.12
MinimumVisualStudioVersion = 10.0.40219.1
Project("{FAE04EC0-301F-11D3-BF4B-00C04F79EFBC}") = "task19", "task19.csproj", "{3B178C94-325F-4B42-99B9-296CEB04AD16}"
EndProject
Project("{FAE04EC0-301F-11D3-BF4B-00C04F79EFBC}") = "Task18_KASD", "..\..\Task18_KASD\Task18_KASD.csproj", "{9EA5519B-28D5-4C8E-A6BE-58EA7A1FEDD9}"
EndProject
Global
	GlobalSection(SolutionConfigurationPlatforms) = preSolution
		Debug|Any CPU = Debug|Any CPU
		Release|Any CPU = Release|Any CPU
	EndGlobalSection
	GlobalSection(ProjectConfigurationPlatforms) = postSolution
		{3B178C94-325F-4B42-99B9-296CEB04AD16}.Debug|Any CPU.ActiveCfg = Debug|Any CPU
		{3B178C94-325F-4B42-99B9-296CEB04AD16}.Debug|Any CPU.Build.0 = Debug|Any CPU
		{3B178C94-325F-4B42-99B9-296CEB04AD16}.Release|Any CPU.ActiveCfg = Release|Any CPU
		{3B178C94-325F-4B42-99B9-296CEB04AD16}.Release|Any CPU.Build.0 = Release|Any CPU
		{9EA5519B-28D5-4C8E-A6BE-58EA7A1FEDD9}.Debug|Any CPU.ActiveCfg = Debug|Any CPU
		{9EA5519B-28D5-4C8E-A6BE-58EA7A1FEDD9}.Debug|Any CPU.Build.0 = Debug|Any CPU
		{9EA5519B-28D5-4C8E-A6BE-58EA7A1FEDD9}.Release|Any CPU.ActiveCfg = Release|Any CPU
		{9EA5519B-28D5-4C8E-A6BE-58EA7A1FEDD9}.Release|Any CPU.Build.0 = Release|Any CPU
	EndGlobalSection
	GlobalSection(SolutionProperties) = preSolution
		HideSolutionNode = FALSE
	EndGlobalSection
EndGlobal
