
Microsoft Visual Studio Solution File, Format Version 12.00
# Visual Studio Version 17
VisualStudioVersion = 17.9.34723.18
MinimumVisualStudioVersion = 10.0.40219.1
Project("{FAE04EC0-301F-11D3-BF4B-00C04F79EFBC}") = "task7", "task7.csproj", "{76ABA676-6B47-42F8-9CF8-3992A21D5D82}"
EndProject
Project("{FAE04EC0-301F-11D3-BF4B-00C04F79EFBC}") = "MyVectorLib", "..\MyVectorLib\MyVectorLib.csproj", "{68301FCC-61B0-4699-8042-E9882B05A043}"
EndProject
Global
	GlobalSection(SolutionConfigurationPlatforms) = preSolution
		Debug|Any CPU = Debug|Any CPU
		Release|Any CPU = Release|Any CPU
	EndGlobalSection
	GlobalSection(ProjectConfigurationPlatforms) = postSolution
		{76ABA676-6B47-42F8-9CF8-3992A21D5D82}.Debug|Any CPU.ActiveCfg = Debug|Any CPU
		{76ABA676-6B47-42F8-9CF8-3992A21D5D82}.Debug|Any CPU.Build.0 = Debug|Any CPU
		{76ABA676-6B47-42F8-9CF8-3992A21D5D82}.Release|Any CPU.ActiveCfg = Release|Any CPU
		{76ABA676-6B47-42F8-9CF8-3992A21D5D82}.Release|Any CPU.Build.0 = Release|Any CPU
		{68301FCC-61B0-4699-8042-E9882B05A043}.Debug|Any CPU.ActiveCfg = Debug|Any CPU
		{68301FCC-61B0-4699-8042-E9882B05A043}.Debug|Any CPU.Build.0 = Debug|Any CPU
		{68301FCC-61B0-4699-8042-E9882B05A043}.Release|Any CPU.ActiveCfg = Release|Any CPU
		{68301FCC-61B0-4699-8042-E9882B05A043}.Release|Any CPU.Build.0 = Release|Any CPU
	EndGlobalSection
	GlobalSection(SolutionProperties) = preSolution
		HideSolutionNode = FALSE
	EndGlobalSection
	GlobalSection(ExtensibilityGlobals) = postSolution
		SolutionGuid = {5F87DEFF-00A0-4B32-AAF4-71C4839FE62A}
	EndGlobalSection
EndGlobal
