
Microsoft Visual Studio Solution File, Format Version 12.00
# Visual Studio Version 17
VisualStudioVersion = 17.9.34723.18
MinimumVisualStudioVersion = 10.0.40219.1
Project("{FAE04EC0-301F-11D3-BF4B-00C04F79EFBC}") = "task5", "task5.csproj", "{C27E2E34-A555-41E9-89AF-2EB4BE785B58}"
EndProject
Project("{FAE04EC0-301F-11D3-BF4B-00C04F79EFBC}") = "MyArrayLib", "..\MyArrayLib\MyArrayLib.csproj", "{7D479202-2DF9-4A1D-9379-9BDCCA1ED7F2}"
EndProject
Global
	GlobalSection(SolutionConfigurationPlatforms) = preSolution
		Debug|Any CPU = Debug|Any CPU
		Release|Any CPU = Release|Any CPU
	EndGlobalSection
	GlobalSection(ProjectConfigurationPlatforms) = postSolution
		{C27E2E34-A555-41E9-89AF-2EB4BE785B58}.Debug|Any CPU.ActiveCfg = Debug|Any CPU
		{C27E2E34-A555-41E9-89AF-2EB4BE785B58}.Debug|Any CPU.Build.0 = Debug|Any CPU
		{C27E2E34-A555-41E9-89AF-2EB4BE785B58}.Release|Any CPU.ActiveCfg = Release|Any CPU
		{C27E2E34-A555-41E9-89AF-2EB4BE785B58}.Release|Any CPU.Build.0 = Release|Any CPU
		{7D479202-2DF9-4A1D-9379-9BDCCA1ED7F2}.Debug|Any CPU.ActiveCfg = Debug|Any CPU
		{7D479202-2DF9-4A1D-9379-9BDCCA1ED7F2}.Debug|Any CPU.Build.0 = Debug|Any CPU
		{7D479202-2DF9-4A1D-9379-9BDCCA1ED7F2}.Release|Any CPU.ActiveCfg = Release|Any CPU
		{7D479202-2DF9-4A1D-9379-9BDCCA1ED7F2}.Release|Any CPU.Build.0 = Release|Any CPU
	EndGlobalSection
	GlobalSection(SolutionProperties) = preSolution
		HideSolutionNode = FALSE
	EndGlobalSection
	GlobalSection(ExtensibilityGlobals) = postSolution
		SolutionGuid = {93C04E34-E0D5-4A09-A4E7-B8DA0DB2BA1B}
	EndGlobalSection
EndGlobal
