
Microsoft Visual Studio Solution File, Format Version 12.00
# Visual Studio Version 17
VisualStudioVersion = 17.9.34723.18
MinimumVisualStudioVersion = 10.0.40219.1
Project("{FAE04EC0-301F-11D3-BF4B-00C04F79EFBC}") = "task10", "task10.csproj", "{108056DD-A45B-47C0-B8B3-47057AF147AC}"
EndProject
Project("{FAE04EC0-301F-11D3-BF4B-00C04F79EFBC}") = "MyArrayLib", "..\MyArrayLib\MyArrayLib.csproj", "{1EAAB194-DEAE-4056-BD61-7E61FF7D3B16}"
EndProject
Global
	GlobalSection(SolutionConfigurationPlatforms) = preSolution
		Debug|Any CPU = Debug|Any CPU
		Release|Any CPU = Release|Any CPU
	EndGlobalSection
	GlobalSection(ProjectConfigurationPlatforms) = postSolution
		{108056DD-A45B-47C0-B8B3-47057AF147AC}.Debug|Any CPU.ActiveCfg = Debug|Any CPU
		{108056DD-A45B-47C0-B8B3-47057AF147AC}.Debug|Any CPU.Build.0 = Debug|Any CPU
		{108056DD-A45B-47C0-B8B3-47057AF147AC}.Release|Any CPU.ActiveCfg = Release|Any CPU
		{108056DD-A45B-47C0-B8B3-47057AF147AC}.Release|Any CPU.Build.0 = Release|Any CPU
		{1EAAB194-DEAE-4056-BD61-7E61FF7D3B16}.Debug|Any CPU.ActiveCfg = Debug|Any CPU
		{1EAAB194-DEAE-4056-BD61-7E61FF7D3B16}.Debug|Any CPU.Build.0 = Debug|Any CPU
		{1EAAB194-DEAE-4056-BD61-7E61FF7D3B16}.Release|Any CPU.ActiveCfg = Release|Any CPU
		{1EAAB194-DEAE-4056-BD61-7E61FF7D3B16}.Release|Any CPU.Build.0 = Release|Any CPU
	EndGlobalSection
	GlobalSection(SolutionProperties) = preSolution
		HideSolutionNode = FALSE
	EndGlobalSection
	GlobalSection(ExtensibilityGlobals) = postSolution
		SolutionGuid = {8E262DCD-AF5B-48DC-84D1-239B452B1E30}
	EndGlobalSection
EndGlobal
