
Microsoft Visual Studio Solution File, Format Version 12.00
# Visual Studio Version 17
VisualStudioVersion = 17.9.34723.18
MinimumVisualStudioVersion = 10.0.40219.1
Project("{FAE04EC0-301F-11D3-BF4B-00C04F79EFBC}") = "Task1_CASD", "Task1_CASD.csproj", "{DEE8C8B8-3EDA-4FAD-B61E-B8B921B29BBB}"
EndProject
Global
	GlobalSection(SolutionConfigurationPlatforms) = preSolution
		Debug|Any CPU = Debug|Any CPU
		Release|Any CPU = Release|Any CPU
	EndGlobalSection
	GlobalSection(ProjectConfigurationPlatforms) = postSolution
		{DEE8C8B8-3EDA-4FAD-B61E-B8B921B29BBB}.Debug|Any CPU.ActiveCfg = Debug|Any CPU
		{DEE8C8B8-3EDA-4FAD-B61E-B8B921B29BBB}.Debug|Any CPU.Build.0 = Debug|Any CPU
		{DEE8C8B8-3EDA-4FAD-B61E-B8B921B29BBB}.Release|Any CPU.ActiveCfg = Release|Any CPU
		{DEE8C8B8-3EDA-4FAD-B61E-B8B921B29BBB}.Release|Any CPU.Build.0 = Release|Any CPU
	EndGlobalSection
	GlobalSection(SolutionProperties) = preSolution
		HideSolutionNode = FALSE
	EndGlobalSection
	GlobalSection(ExtensibilityGlobals) = postSolution
		SolutionGuid = {E3CFDD19-CE10-4F70-BAF7-5509B0552DBE}
	EndGlobalSection
EndGlobal
