
Microsoft Visual Studio Solution File, Format Version 12.00
# Visual Studio Version 17
VisualStudioVersion = 17.9.34723.18
MinimumVisualStudioVersion = 10.0.40219.1
Project("{FAE04EC0-301F-11D3-BF4B-00C04F79EFBC}") = "Task06_KASD", "Task06_KASD.csproj", "{161521F3-1334-4D32-9AC8-9D010C1FBE45}"
EndProject
Global
	GlobalSection(SolutionConfigurationPlatforms) = preSolution
		Debug|Any CPU = Debug|Any CPU
		Release|Any CPU = Release|Any CPU
	EndGlobalSection
	GlobalSection(ProjectConfigurationPlatforms) = postSolution
		{161521F3-1334-4D32-9AC8-9D010C1FBE45}.Debug|Any CPU.ActiveCfg = Debug|Any CPU
		{161521F3-1334-4D32-9AC8-9D010C1FBE45}.Debug|Any CPU.Build.0 = Debug|Any CPU
		{161521F3-1334-4D32-9AC8-9D010C1FBE45}.Release|Any CPU.ActiveCfg = Release|Any CPU
		{161521F3-1334-4D32-9AC8-9D010C1FBE45}.Release|Any CPU.Build.0 = Release|Any CPU
	EndGlobalSection
	GlobalSection(SolutionProperties) = preSolution
		HideSolutionNode = FALSE
	EndGlobalSection
	GlobalSection(ExtensibilityGlobals) = postSolution
		SolutionGuid = {D7EFCCE9-5E64-42D4-9621-AB1B03E54A4C}
	EndGlobalSection
EndGlobal
