
Microsoft Visual Studio Solution File, Format Version 12.00
# Visual Studio Version 17
VisualStudioVersion = 17.12.35506.116
MinimumVisualStudioVersion = 10.0.40219.1
Project("{FAE04EC0-301F-11D3-BF4B-00C04F79EFBC}") = "task27", "task27.csproj", "{D4A77576-65CC-45C7-8C8B-9ADCE7589469}"
EndProject
Project("{FAE04EC0-301F-11D3-BF4B-00C04F79EFBC}") = "Library", "..\Library\Library.csproj", "{98D3796A-C11F-4139-8A80-168E537FEE7D}"
EndProject
Global
	GlobalSection(SolutionConfigurationPlatforms) = preSolution
		Debug|Any CPU = Debug|Any CPU
		Release|Any CPU = Release|Any CPU
	EndGlobalSection
	GlobalSection(ProjectConfigurationPlatforms) = postSolution
		{D4A77576-65CC-45C7-8C8B-9ADCE7589469}.Debug|Any CPU.ActiveCfg = Debug|Any CPU
		{D4A77576-65CC-45C7-8C8B-9ADCE7589469}.Debug|Any CPU.Build.0 = Debug|Any CPU
		{D4A77576-65CC-45C7-8C8B-9ADCE7589469}.Release|Any CPU.ActiveCfg = Release|Any CPU
		{D4A77576-65CC-45C7-8C8B-9ADCE7589469}.Release|Any CPU.Build.0 = Release|Any CPU
		{98D3796A-C11F-4139-8A80-168E537FEE7D}.Debug|Any CPU.ActiveCfg = Debug|Any CPU
		{98D3796A-C11F-4139-8A80-168E537FEE7D}.Debug|Any CPU.Build.0 = Debug|Any CPU
		{98D3796A-C11F-4139-8A80-168E537FEE7D}.Release|Any CPU.ActiveCfg = Release|Any CPU
		{98D3796A-C11F-4139-8A80-168E537FEE7D}.Release|Any CPU.Build.0 = Release|Any CPU
	EndGlobalSection
	GlobalSection(SolutionProperties) = preSolution
		HideSolutionNode = FALSE
	EndGlobalSection
EndGlobal
